
Microsoft Visual Studio Solution File, Format Version 12.00
# Visual Studio Version 17
VisualStudioVersion = 17.10.35122.118
MinimumVisualStudioVersion = 10.0.40219.1
Project("{FAE04EC0-301F-11D3-BF4B-00C04F79EFBC}") = "Movie_Recommendation_System", "Movie_Recommendation_System\Movie_Recommendation_System.csproj", "{FAB4966C-3431-4EE7-8D9B-2C7285ADEC76}"
EndProject
Global
	GlobalSection(SolutionConfigurationPlatforms) = preSolution
		Debug|Any CPU = Debug|Any CPU
		Release|Any CPU = Release|Any CPU
	EndGlobalSection
	GlobalSection(ProjectConfigurationPlatforms) = postSolution
		{FAB4966C-3431-4EE7-8D9B-2C7285ADEC76}.Debug|Any CPU.ActiveCfg = Debug|Any CPU
		{FAB4966C-3431-4EE7-8D9B-2C7285ADEC76}.Debug|Any CPU.Build.0 = Debug|Any CPU
		{FAB4966C-3431-4EE7-8D9B-2C7285ADEC76}.Release|Any CPU.ActiveCfg = Release|Any CPU
		{FAB4966C-3431-4EE7-8D9B-2C7285ADEC76}.Release|Any CPU.Build.0 = Release|Any CPU
	EndGlobalSection
	GlobalSection(SolutionProperties) = preSolution
		HideSolutionNode = FALSE
	EndGlobalSection
	GlobalSection(ExtensibilityGlobals) = postSolution
		SolutionGuid = {4C4178A6-A956-4197-A229-B2EDCD2AA23B}
	EndGlobalSection
EndGlobal
